
Microsoft Visual Studio Solution File, Format Version 12.00
# Visual Studio Version 16
VisualStudioVersion = 16.0.29306.81
MinimumVisualStudioVersion = 10.0.40219.1
Project("{9A19103F-16F7-4668-BE54-9A1E7A4F7556}") = "Penguin.Web.Testing", "Penguin.Web.Testing.csproj", "{E8442ED8-A32F-4E4B-B15D-BD0AE6BD1AA4}"
EndProject
Global
	GlobalSection(SolutionConfigurationPlatforms) = preSolution
		Debug|Any CPU = Debug|Any CPU
		Release|Any CPU = Release|Any CPU
	EndGlobalSection
	GlobalSection(ProjectConfigurationPlatforms) = postSolution
		{E8442ED8-A32F-4E4B-B15D-BD0AE6BD1AA4}.Debug|Any CPU.ActiveCfg = Debug|Any CPU
		{E8442ED8-A32F-4E4B-B15D-BD0AE6BD1AA4}.Debug|Any CPU.Build.0 = Debug|Any CPU
		{E8442ED8-A32F-4E4B-B15D-BD0AE6BD1AA4}.Release|Any CPU.ActiveCfg = Release|Any CPU
		{E8442ED8-A32F-4E4B-B15D-BD0AE6BD1AA4}.Release|Any CPU.Build.0 = Release|Any CPU
	EndGlobalSection
	GlobalSection(SolutionProperties) = preSolution
		HideSolutionNode = FALSE
	EndGlobalSection
	GlobalSection(ExtensibilityGlobals) = postSolution
		SolutionGuid = {9046F470-60C3-4738-BCEB-A9C18CB51983}
	EndGlobalSection
EndGlobal
